// !$*UTF8*$!
{
	archiveVersion = 1;
	classes = {
	};
	objectVersion = 46;
	objects = {

/* Begin PBXBuildFile section */
		1AFC805C1C68343C00BD26FA /* ActionViewController.swift in Sources */ = {isa = PBXBuildFile; fileRef = 1AFC80521C68343C00BD26FA /* ActionViewController.swift */; };
		4C8F765B1C681D8F000A64EB /* AppDelegate.swift in Sources */ = {isa = PBXBuildFile; fileRef = 4C8F765A1C681D8F000A64EB /* AppDelegate.swift */; };
		4C8F76601C681D8F000A64EB /* Main.storyboard in Resources */ = {isa = PBXBuildFile; fileRef = 4C8F765E1C681D8F000A64EB /* Main.storyboard */; };
		4C8F76621C681D8F000A64EB /* Assets.xcassets in Resources */ = {isa = PBXBuildFile; fileRef = 4C8F76611C681D8F000A64EB /* Assets.xcassets */; };
		4C8F76651C681D8F000A64EB /* LaunchScreen.storyboard in Resources */ = {isa = PBXBuildFile; fileRef = 4C8F76631C681D8F000A64EB /* LaunchScreen.storyboard */; };
		4C8F76701C681D8F000A64EB /* PhonerciseTests.swift in Sources */ = {isa = PBXBuildFile; fileRef = 4C8F766F1C681D8F000A64EB /* PhonerciseTests.swift */; };
		A61610122897825F6F508F3A /* Pods_Phonercise.framework in Frameworks */ = {isa = PBXBuildFile; fileRef = 313117B4FC6EDB2F6E182104 /* Pods_Phonercise.framework */; };
		CCF92CE28462DFA0346FC1DF /* Pods_PhonerciseTests.framework in Frameworks */ = {isa = PBXBuildFile; fileRef = D132833A0ED46D462D568133 /* Pods_PhonerciseTests.framework */; };
/* End PBXBuildFile section */

/* Begin PBXContainerItemProxy section */
		4C8F766C1C681D8F000A64EB /* PBXContainerItemProxy */ = {
			isa = PBXContainerItemProxy;
			containerPortal = 4C8F764F1C681D8F000A64EB /* Project object */;
			proxyType = 1;
			remoteGlobalIDString = 4C8F76561C681D8F000A64EB;
			remoteInfo = Phonercise;
		};
/* End PBXContainerItemProxy section */

/* Begin PBXCopyFilesBuildPhase section */
		1E7A940B1E8BDD4100B0589B /* Embed Frameworks */ = {
			isa = PBXCopyFilesBuildPhase;
			buildActionMask = 2147483647;
			dstPath = "";
			dstSubfolderSpec = 10;
			files = (
			);
			name = "Embed Frameworks";
			runOnlyForDeploymentPostprocessing = 0;
		};
/* End PBXCopyFilesBuildPhase section */

/* Begin PBXFileReference section */
		1AFC80521C68343C00BD26FA /* ActionViewController.swift */ = {isa = PBXFileReference; fileEncoding = 4; lastKnownFileType = sourcecode.swift; path = ActionViewController.swift; sourceTree = "<group>"; };
		25B87820676436CB77E73AB2 /* Pods-Phonercise.debug.xcconfig */ = {isa = PBXFileReference; includeInIndex = 1; lastKnownFileType = text.xcconfig; name = "Pods-Phonercise.debug.xcconfig"; path = "Pods/Target Support Files/Pods-Phonercise/Pods-Phonercise.debug.xcconfig"; sourceTree = "<group>"; };
		313117B4FC6EDB2F6E182104 /* Pods_Phonercise.framework */ = {isa = PBXFileReference; explicitFileType = wrapper.framework; includeInIndex = 0; path = Pods_Phonercise.framework; sourceTree = BUILT_PRODUCTS_DIR; };
		4C8F76571C681D8F000A64EB /* Phonercise.app */ = {isa = PBXFileReference; explicitFileType = wrapper.application; includeInIndex = 0; path = Phonercise.app; sourceTree = BUILT_PRODUCTS_DIR; };
		4C8F765A1C681D8F000A64EB /* AppDelegate.swift */ = {isa = PBXFileReference; lastKnownFileType = sourcecode.swift; path = AppDelegate.swift; sourceTree = "<group>"; };
		4C8F765F1C681D8F000A64EB /* Base */ = {isa = PBXFileReference; lastKnownFileType = file.storyboard; name = Base; path = Base.lproj/Main.storyboard; sourceTree = "<group>"; };
		4C8F76611C681D8F000A64EB /* Assets.xcassets */ = {isa = PBXFileReference; lastKnownFileType = folder.assetcatalog; path = Assets.xcassets; sourceTree = "<group>"; };
		4C8F76641C681D8F000A64EB /* Base */ = {isa = PBXFileReference; lastKnownFileType = file.storyboard; name = Base; path = Base.lproj/LaunchScreen.storyboard; sourceTree = "<group>"; };
		4C8F76661C681D8F000A64EB /* Info.plist */ = {isa = PBXFileReference; lastKnownFileType = text.plist.xml; path = Info.plist; sourceTree = "<group>"; };
		4C8F766B1C681D8F000A64EB /* PhonerciseTests.xctest */ = {isa = PBXFileReference; explicitFileType = wrapper.cfbundle; includeInIndex = 0; path = PhonerciseTests.xctest; sourceTree = BUILT_PRODUCTS_DIR; };
		4C8F766F1C681D8F000A64EB /* PhonerciseTests.swift */ = {isa = PBXFileReference; lastKnownFileType = sourcecode.swift; path = PhonerciseTests.swift; sourceTree = "<group>"; };
		4C8F76711C681D8F000A64EB /* Info.plist */ = {isa = PBXFileReference; lastKnownFileType = text.plist.xml; path = Info.plist; sourceTree = "<group>"; };
		809E2F80AB0C598BA5238700 /* Pods-PhonerciseTests.release.xcconfig */ = {isa = PBXFileReference; includeInIndex = 1; lastKnownFileType = text.xcconfig; name = "Pods-PhonerciseTests.release.xcconfig"; path = "Pods/Target Support Files/Pods-PhonerciseTests/Pods-PhonerciseTests.release.xcconfig"; sourceTree = "<group>"; };
		A430396E32CA1C7BEABA01A4 /* Pods-PhonerciseTests.debug.xcconfig */ = {isa = PBXFileReference; includeInIndex = 1; lastKnownFileType = text.xcconfig; name = "Pods-PhonerciseTests.debug.xcconfig"; path = "Pods/Target Support Files/Pods-PhonerciseTests/Pods-PhonerciseTests.debug.xcconfig"; sourceTree = "<group>"; };
		CEE0D67B2237ACAF0059ABA3 /* Pods-Phonercise.release.xcconfig */ = {isa = PBXFileReference; includeInIndex = 1; lastKnownFileType = text.xcconfig; name = "Pods-Phonercise.release.xcconfig"; path = "Pods/Target Support Files/Pods-Phonercise/Pods-Phonercise.release.xcconfig"; sourceTree = "<group>"; };
		D132833A0ED46D462D568133 /* Pods_PhonerciseTests.framework */ = {isa = PBXFileReference; explicitFileType = wrapper.framework; includeInIndex = 0; path = Pods_PhonerciseTests.framework; sourceTree = BUILT_PRODUCTS_DIR; };
/* End PBXFileReference section */

/* Begin PBXFrameworksBuildPhase section */
		4C8F76541C681D8F000A64EB /* Frameworks */ = {
			isa = PBXFrameworksBuildPhase;
			buildActionMask = 2147483647;
			files = (
				A61610122897825F6F508F3A /* Pods_Phonercise.framework in Frameworks */,
			);
			runOnlyForDeploymentPostprocessing = 0;
		};
		4C8F76681C681D8F000A64EB /* Frameworks */ = {
			isa = PBXFrameworksBuildPhase;
			buildActionMask = 2147483647;
			files = (
				CCF92CE28462DFA0346FC1DF /* Pods_PhonerciseTests.framework in Frameworks */,
			);
			runOnlyForDeploymentPostprocessing = 0;
		};
/* End PBXFrameworksBuildPhase section */

/* Begin PBXGroup section */
		0B572D0B84A6123214F4F759 /* Pods */ = {
			isa = PBXGroup;
			children = (
				25B87820676436CB77E73AB2 /* Pods-Phonercise.debug.xcconfig */,
				CEE0D67B2237ACAF0059ABA3 /* Pods-Phonercise.release.xcconfig */,
				A430396E32CA1C7BEABA01A4 /* Pods-PhonerciseTests.debug.xcconfig */,
				809E2F80AB0C598BA5238700 /* Pods-PhonerciseTests.release.xcconfig */,
			);
			name = Pods;
			sourceTree = "<group>";
		};
		1AFC80661C68347E00BD26FA /* Helper Files */ = {
			isa = PBXGroup;
			children = (
				4C8F76611C681D8F000A64EB /* Assets.xcassets */,
				4C8F76631C681D8F000A64EB /* LaunchScreen.storyboard */,
				4C8F76661C681D8F000A64EB /* Info.plist */,
			);
			name = "Helper Files";
			sourceTree = "<group>";
		};
		43434B95320CFFECA5FA39F7 /* Frameworks */ = {
			isa = PBXGroup;
			children = (
				313117B4FC6EDB2F6E182104 /* Pods_Phonercise.framework */,
				D132833A0ED46D462D568133 /* Pods_PhonerciseTests.framework */,
			);
			name = Frameworks;
			sourceTree = "<group>";
		};
		4C8F764E1C681D8F000A64EB = {
			isa = PBXGroup;
			children = (
				4C8F76591C681D8F000A64EB /* Phonercise */,
				4C8F766E1C681D8F000A64EB /* PhonerciseTests */,
				4C8F76581C681D8F000A64EB /* Products */,
				0B572D0B84A6123214F4F759 /* Pods */,
				43434B95320CFFECA5FA39F7 /* Frameworks */,
			);
			sourceTree = "<group>";
		};
		4C8F76581C681D8F000A64EB /* Products */ = {
			isa = PBXGroup;
			children = (
				4C8F76571C681D8F000A64EB /* Phonercise.app */,
				4C8F766B1C681D8F000A64EB /* PhonerciseTests.xctest */,
			);
			name = Products;
			sourceTree = "<group>";
		};
		4C8F76591C681D8F000A64EB /* Phonercise */ = {
			isa = PBXGroup;
			children = (
				4C8F765A1C681D8F000A64EB /* AppDelegate.swift */,
				1AFC80521C68343C00BD26FA /* ActionViewController.swift */,
				4C8F765E1C681D8F000A64EB /* Main.storyboard */,
				1AFC80661C68347E00BD26FA /* Helper Files */,
			);
			path = Phonercise;
			sourceTree = "<group>";
		};
		4C8F766E1C681D8F000A64EB /* PhonerciseTests */ = {
			isa = PBXGroup;
			children = (
				4C8F766F1C681D8F000A64EB /* PhonerciseTests.swift */,
				4C8F76711C681D8F000A64EB /* Info.plist */,
			);
			path = PhonerciseTests;
			sourceTree = "<group>";
		};
/* End PBXGroup section */

/* Begin PBXNativeTarget section */
		4C8F76561C681D8F000A64EB /* Phonercise */ = {
			isa = PBXNativeTarget;
			buildConfigurationList = 4C8F76741C681D8F000A64EB /* Build configuration list for PBXNativeTarget "Phonercise" */;
			buildPhases = (
				D0BC4D1347E782A42C399EC2 /* [CP] Check Pods Manifest.lock */,
				4C8F76531C681D8F000A64EB /* Sources */,
				4C8F76541C681D8F000A64EB /* Frameworks */,
				4C8F76551C681D8F000A64EB /* Resources */,
				1E7A940B1E8BDD4100B0589B /* Embed Frameworks */,
				F2847E80BC19A1EBF2F4E1A3 /* [CP] Embed Pods Frameworks */,
				CF4E62DE0BA9EB9FBB143960 /* [CP] Copy Pods Resources */,
			);
			buildRules = (
			);
			dependencies = (
			);
			name = Phonercise;
			productName = Phonercise;
			productReference = 4C8F76571C681D8F000A64EB /* Phonercise.app */;
			productType = "com.apple.product-type.application";
		};
		4C8F766A1C681D8F000A64EB /* PhonerciseTests */ = {
			isa = PBXNativeTarget;
			buildConfigurationList = 4C8F76771C681D8F000A64EB /* Build configuration list for PBXNativeTarget "PhonerciseTests" */;
			buildPhases = (
				9627163D60DF4AEA2193ABEE /* [CP] Check Pods Manifest.lock */,
				4C8F76671C681D8F000A64EB /* Sources */,
				4C8F76681C681D8F000A64EB /* Frameworks */,
				4C8F76691C681D8F000A64EB /* Resources */,
				E858451AF5DE6C3A3839DFC6 /* [CP] Embed Pods Frameworks */,
				123D669579E2932A131085BD /* [CP] Copy Pods Resources */,
			);
			buildRules = (
			);
			dependencies = (
				4C8F766D1C681D8F000A64EB /* PBXTargetDependency */,
			);
			name = PhonerciseTests;
			productName = PhonerciseTests;
			productReference = 4C8F766B1C681D8F000A64EB /* PhonerciseTests.xctest */;
			productType = "com.apple.product-type.bundle.unit-test";
		};
/* End PBXNativeTarget section */

/* Begin PBXProject section */
		4C8F764F1C681D8F000A64EB /* Project object */ = {
			isa = PBXProject;
			attributes = {
				LastSwiftUpdateCheck = 0720;
				LastUpgradeCheck = 0800;
				ORGANIZATIONNAME = raywenderlich;
				TargetAttributes = {
					4C8F76561C681D8F000A64EB = {
						CreatedOnToolsVersion = 7.2.1;
						DevelopmentTeam = YHZR6HQS42;
						LastSwiftMigration = 0800;
					};
					4C8F766A1C681D8F000A64EB = {
						CreatedOnToolsVersion = 7.2.1;
						DevelopmentTeam = YHZR6HQS42;
						LastSwiftMigration = 0800;
						TestTargetID = 4C8F76561C681D8F000A64EB;
					};
				};
			};
			buildConfigurationList = 4C8F76521C681D8F000A64EB /* Build configuration list for PBXProject "Phonercise" */;
			compatibilityVersion = "Xcode 3.2";
			developmentRegion = English;
			hasScannedForEncodings = 0;
			knownRegions = (
				en,
				Base,
			);
			mainGroup = 4C8F764E1C681D8F000A64EB;
			productRefGroup = 4C8F76581C681D8F000A64EB /* Products */;
			projectDirPath = "";
			projectRoot = "";
			targets = (
				4C8F76561C681D8F000A64EB /* Phonercise */,
				4C8F766A1C681D8F000A64EB /* PhonerciseTests */,
			);
		};
/* End PBXProject section */

/* Begin PBXResourcesBuildPhase section */
		4C8F76551C681D8F000A64EB /* Resources */ = {
			isa = PBXResourcesBuildPhase;
			buildActionMask = 2147483647;
			files = (
				4C8F76651C681D8F000A64EB /* LaunchScreen.storyboard in Resources */,
				4C8F76621C681D8F000A64EB /* Assets.xcassets in Resources */,
				4C8F76601C681D8F000A64EB /* Main.storyboard in Resources */,
			);
			runOnlyForDeploymentPostprocessing = 0;
		};
		4C8F76691C681D8F000A64EB /* Resources */ = {
			isa = PBXResourcesBuildPhase;
			buildActionMask = 2147483647;
			files = (
			);
			runOnlyForDeploymentPostprocessing = 0;
		};
/* End PBXResourcesBuildPhase section */

/* Begin PBXShellScriptBuildPhase section */
		123D669579E2932A131085BD /* [CP] Copy Pods Resources */ = {
			isa = PBXShellScriptBuildPhase;
			buildActionMask = 2147483647;
			files = (
			);
			inputPaths = (
			);
			name = "[CP] Copy Pods Resources";
			outputPaths = (
			);
			runOnlyForDeploymentPostprocessing = 0;
			shellPath = /bin/sh;
			shellScript = "\"${SRCROOT}/Pods/Target Support Files/Pods-PhonerciseTests/Pods-PhonerciseTests-resources.sh\"\n";
			showEnvVarsInLog = 0;
		};
		9627163D60DF4AEA2193ABEE /* [CP] Check Pods Manifest.lock */ = {
			isa = PBXShellScriptBuildPhase;
			buildActionMask = 2147483647;
			files = (
			);
			inputPaths = (
			);
			name = "[CP] Check Pods Manifest.lock";
			outputPaths = (
			);
			runOnlyForDeploymentPostprocessing = 0;
			shellPath = /bin/sh;
			shellScript = "diff \"${PODS_ROOT}/../Podfile.lock\" \"${PODS_ROOT}/Manifest.lock\" > /dev/null\nif [ $? != 0 ] ; then\n    # print error to STDERR\n    echo \"error: The sandbox is not in sync with the Podfile.lock. Run 'pod install' or update your CocoaPods installation.\" >&2\n    exit 1\nfi\n";
			showEnvVarsInLog = 0;
		};
		CF4E62DE0BA9EB9FBB143960 /* [CP] Copy Pods Resources */ = {
			isa = PBXShellScriptBuildPhase;
			buildActionMask = 2147483647;
			files = (
			);
			inputPaths = (
			);
			name = "[CP] Copy Pods Resources";
			outputPaths = (
			);
			runOnlyForDeploymentPostprocessing = 0;
			shellPath = /bin/sh;
			shellScript = "\"${SRCROOT}/Pods/Target Support Files/Pods-Phonercise/Pods-Phonercise-resources.sh\"\n";
			showEnvVarsInLog = 0;
		};
		D0BC4D1347E782A42C399EC2 /* [CP] Check Pods Manifest.lock */ = {
			isa = PBXShellScriptBuildPhase;
			buildActionMask = 2147483647;
			files = (
			);
			inputPaths = (
			);
			name = "[CP] Check Pods Manifest.lock";
			outputPaths = (
			);
			runOnlyForDeploymentPostprocessing = 0;
			shellPath = /bin/sh;
			shellScript = "diff \"${PODS_ROOT}/../Podfile.lock\" \"${PODS_ROOT}/Manifest.lock\" > /dev/null\nif [ $? != 0 ] ; then\n    # print error to STDERR\n    echo \"error: The sandbox is not in sync with the Podfile.lock. Run 'pod install' or update your CocoaPods installation.\" >&2\n    exit 1\nfi\n";
			showEnvVarsInLog = 0;
		};
		E858451AF5DE6C3A3839DFC6 /* [CP] Embed Pods Frameworks */ = {
			isa = PBXShellScriptBuildPhase;
			buildActionMask = 2147483647;
			files = (
			);
			inputPaths = (
			);
			name = "[CP] Embed Pods Frameworks";
			outputPaths = (
			);
			runOnlyForDeploymentPostprocessing = 0;
			shellPath = /bin/sh;
			shellScript = "\"${SRCROOT}/Pods/Target Support Files/Pods-PhonerciseTests/Pods-PhonerciseTests-frameworks.sh\"\n";
			showEnvVarsInLog = 0;
		};
		F2847E80BC19A1EBF2F4E1A3 /* [CP] Embed Pods Frameworks */ = {
			isa = PBXShellScriptBuildPhase;
			buildActionMask = 2147483647;
			files = (
			);
			inputPaths = (
			);
			name = "[CP] Embed Pods Frameworks";
			outputPaths = (
			);
			runOnlyForDeploymentPostprocessing = 0;
			shellPath = /bin/sh;
			shellScript = "\"${SRCROOT}/Pods/Target Support Files/Pods-Phonercise/Pods-Phonercise-frameworks.sh\"\n";
			showEnvVarsInLog = 0;
		};
/* End PBXShellScriptBuildPhase section */

/* Begin PBXSourcesBuildPhase section */
		4C8F76531C681D8F000A64EB /* Sources */ = {
			isa = PBXSourcesBuildPhase;
			buildActionMask = 2147483647;
			files = (
				4C8F765B1C681D8F000A64EB /* AppDelegate.swift in Sources */,
				1AFC805C1C68343C00BD26FA /* ActionViewController.swift in Sources */,
			);
			runOnlyForDeploymentPostprocessing = 0;
		};
		4C8F76671C681D8F000A64EB /* Sources */ = {
			isa = PBXSourcesBuildPhase;
			buildActionMask = 2147483647;
			files = (
				4C8F76701C681D8F000A64EB /* PhonerciseTests.swift in Sources */,
			);
			runOnlyForDeploymentPostprocessing = 0;
		};
/* End PBXSourcesBuildPhase section */

/* Begin PBXTargetDependency section */
		4C8F766D1C681D8F000A64EB /* PBXTargetDependency */ = {
			isa = PBXTargetDependency;
			target = 4C8F76561C681D8F000A64EB /* Phonercise */;
			targetProxy = 4C8F766C1C681D8F000A64EB /* PBXContainerItemProxy */;
		};
/* End PBXTargetDependency section */

/* Begin PBXVariantGroup section */
		4C8F765E1C681D8F000A64EB /* Main.storyboard */ = {
			isa = PBXVariantGroup;
			children = (
				4C8F765F1C681D8F000A64EB /* Base */,
			);
			name = Main.storyboard;
			sourceTree = "<group>";
		};
		4C8F76631C681D8F000A64EB /* LaunchScreen.storyboard */ = {
			isa = PBXVariantGroup;
			children = (
				4C8F76641C681D8F000A64EB /* Base */,
			);
			name = LaunchScreen.storyboard;
			sourceTree = "<group>";
		};
/* End PBXVariantGroup section */

/* Begin XCBuildConfiguration section */
		4C8F76721C681D8F000A64EB /* Debug */ = {
			isa = XCBuildConfiguration;
			buildSettings = {
				ALWAYS_SEARCH_USER_PATHS = NO;
				CLANG_CXX_LANGUAGE_STANDARD = "gnu++0x";
				CLANG_CXX_LIBRARY = "libc++";
				CLANG_ENABLE_MODULES = YES;
				CLANG_ENABLE_OBJC_ARC = YES;
				CLANG_WARN_BOOL_CONVERSION = YES;
				CLANG_WARN_CONSTANT_CONVERSION = YES;
				CLANG_WARN_DIRECT_OBJC_ISA_USAGE = YES_ERROR;
				CLANG_WARN_EMPTY_BODY = YES;
				CLANG_WARN_ENUM_CONVERSION = YES;
				CLANG_WARN_INFINITE_RECURSION = YES;
				CLANG_WARN_INT_CONVERSION = YES;
				CLANG_WARN_OBJC_ROOT_CLASS = YES_ERROR;
				CLANG_WARN_SUSPICIOUS_MOVE = YES;
				CLANG_WARN_UNREACHABLE_CODE = YES;
				CLANG_WARN__DUPLICATE_METHOD_MATCH = YES;
				"CODE_SIGN_IDENTITY[sdk=iphoneos*]" = "iPhone Developer";
				COPY_PHASE_STRIP = NO;
				DEBUG_INFORMATION_FORMAT = dwarf;
				ENABLE_STRICT_OBJC_MSGSEND = YES;
				ENABLE_TESTABILITY = YES;
				GCC_C_LANGUAGE_STANDARD = gnu99;
				GCC_DYNAMIC_NO_PIC = NO;
				GCC_NO_COMMON_BLOCKS = YES;
				GCC_OPTIMIZATION_LEVEL = 0;
				GCC_PREPROCESSOR_DEFINITIONS = (
					"DEBUG=1",
					"$(inherited)",
				);
				GCC_WARN_64_TO_32_BIT_CONVERSION = YES;
				GCC_WARN_ABOUT_RETURN_TYPE = YES_ERROR;
				GCC_WARN_UNDECLARED_SELECTOR = YES;
				GCC_WARN_UNINITIALIZED_AUTOS = YES_AGGRESSIVE;
				GCC_WARN_UNUSED_FUNCTION = YES;
				GCC_WARN_UNUSED_VARIABLE = YES;
				IPHONEOS_DEPLOYMENT_TARGET = 10.0;
				MTL_ENABLE_DEBUG_INFO = YES;
				ONLY_ACTIVE_ARCH = YES;
				SDKROOT = iphoneos;
				SWIFT_OPTIMIZATION_LEVEL = "-Onone";
				TARGETED_DEVICE_FAMILY = "1,2";
			};
			name = Debug;
		};
		4C8F76731C681D8F000A64EB /* Release */ = {
			isa = XCBuildConfiguration;
			buildSettings = {
				ALWAYS_SEARCH_USER_PATHS = NO;
				CLANG_CXX_LANGUAGE_STANDARD = "gnu++0x";
				CLANG_CXX_LIBRARY = "libc++";
				CLANG_ENABLE_MODULES = YES;
				CLANG_ENABLE_OBJC_ARC = YES;
				CLANG_WARN_BOOL_CONVERSION = YES;
				CLANG_WARN_CONSTANT_CONVERSION = YES;
				CLANG_WARN_DIRECT_OBJC_ISA_USAGE = YES_ERROR;
				CLANG_WARN_EMPTY_BODY = YES;
				CLANG_WARN_ENUM_CONVERSION = YES;
				CLANG_WARN_INFINITE_RECURSION = YES;
				CLANG_WARN_INT_CONVERSION = YES;
				CLANG_WARN_OBJC_ROOT_CLASS = YES_ERROR;
				CLANG_WARN_SUSPICIOUS_MOVE = YES;
				CLANG_WARN_UNREACHABLE_CODE = YES;
				CLANG_WARN__DUPLICATE_METHOD_MATCH = YES;
				"CODE_SIGN_IDENTITY[sdk=iphoneos*]" = "iPhone Developer";
				COPY_PHASE_STRIP = NO;
				DEBUG_INFORMATION_FORMAT = "dwarf-with-dsym";
				ENABLE_NS_ASSERTIONS = NO;
				ENABLE_STRICT_OBJC_MSGSEND = YES;
				GCC_C_LANGUAGE_STANDARD = gnu99;
				GCC_NO_COMMON_BLOCKS = YES;
				GCC_WARN_64_TO_32_BIT_CONVERSION = YES;
				GCC_WARN_ABOUT_RETURN_TYPE = YES_ERROR;
				GCC_WARN_UNDECLARED_SELECTOR = YES;
				GCC_WARN_UNINITIALIZED_AUTOS = YES_AGGRESSIVE;
				GCC_WARN_UNUSED_FUNCTION = YES;
				GCC_WARN_UNUSED_VARIABLE = YES;
				IPHONEOS_DEPLOYMENT_TARGET = 10.0;
				MTL_ENABLE_DEBUG_INFO = NO;
				SDKROOT = iphoneos;
				SWIFT_OPTIMIZATION_LEVEL = "-Owholemodule";
				TARGETED_DEVICE_FAMILY = "1,2";
				VALIDATE_PRODUCT = YES;
			};
			name = Release;
		};
		4C8F76751C681D8F000A64EB /* Debug */ = {
			isa = XCBuildConfiguration;
			baseConfigurationReference = 25B87820676436CB77E73AB2 /* Pods-Phonercise.debug.xcconfig */;
			buildSettings = {
				ALWAYS_EMBED_SWIFT_STANDARD_LIBRARIES = YES;
				ASSETCATALOG_COMPILER_APPICON_NAME = AppIcon;
				DEVELOPMENT_TEAM = YHZR6HQS42;
				FRAMEWORK_SEARCH_PATHS = "";
				INFOPLIST_FILE = Phonercise/Info.plist;
				IPHONEOS_DEPLOYMENT_TARGET = 10.2;
				LD_RUNPATH_SEARCH_PATHS = "$(inherited) @executable_path/Frameworks";
				PRODUCT_BUNDLE_IDENTIFIER = "-";
				PRODUCT_NAME = "$(TARGET_NAME)";
				SWIFT_VERSION = 3.0;
			};
			name = Debug;
		};
		4C8F76761C681D8F000A64EB /* Release */ = {
			isa = XCBuildConfiguration;
			baseConfigurationReference = CEE0D67B2237ACAF0059ABA3 /* Pods-Phonercise.release.xcconfig */;
			buildSettings = {
				ALWAYS_EMBED_SWIFT_STANDARD_LIBRARIES = YES;
				ASSETCATALOG_COMPILER_APPICON_NAME = AppIcon;
				DEVELOPMENT_TEAM = YHZR6HQS42;
				FRAMEWORK_SEARCH_PATHS = "";
				INFOPLIST_FILE = Phonercise/Info.plist;
				IPHONEOS_DEPLOYMENT_TARGET = 10.2;
				LD_RUNPATH_SEARCH_PATHS = "$(inherited) @executable_path/Frameworks";
				PRODUCT_BUNDLE_IDENTIFIER = "-";
				PRODUCT_NAME = "$(TARGET_NAME)";
				SWIFT_VERSION = 3.0;
			};
			name = Release;
		};
		4C8F76781C681D8F000A64EB /* Debug */ = {
			isa = XCBuildConfiguration;
			baseConfigurationReference = A430396E32CA1C7BEABA01A4 /* Pods-PhonerciseTests.debug.xcconfig */;
			buildSettings = {
				BUNDLE_LOADER = "$(TEST_HOST)";
				DEVELOPMENT_TEAM = YHZR6HQS42;
				INFOPLIST_FILE = PhonerciseTests/Info.plist;
				LD_RUNPATH_SEARCH_PATHS = "$(inherited) @executable_path/Frameworks @loader_path/Frameworks";
				PRODUCT_BUNDLE_IDENTIFIER = com.raywenderlich.PhonerciseTests;
				PRODUCT_NAME = "$(TARGET_NAME)";
				SWIFT_VERSION = 3.0;
				TEST_HOST = "$(BUILT_PRODUCTS_DIR)/Phonercise.app/Phonercise";
			};
			name = Debug;
		};
		4C8F76791C681D8F000A64EB /* Release */ = {
			isa = XCBuildConfiguration;
			baseConfigurationReference = 809E2F80AB0C598BA5238700 /* Pods-PhonerciseTests.release.xcconfig */;
			buildSettings = {
				BUNDLE_LOADER = "$(TEST_HOST)";
				DEVELOPMENT_TEAM = YHZR6HQS42;
				INFOPLIST_FILE = PhonerciseTests/Info.plist;
				LD_RUNPATH_SEARCH_PATHS = "$(inherited) @executable_path/Frameworks @loader_path/Frameworks";
				PRODUCT_BUNDLE_IDENTIFIER = com.raywenderlich.PhonerciseTests;
				PRODUCT_NAME = "$(TARGET_NAME)";
				SWIFT_VERSION = 3.0;
				TEST_HOST = "$(BUILT_PRODUCTS_DIR)/Phonercise.app/Phonercise";
			};
			name = Release;
		};
/* End XCBuildConfiguration section */

/* Begin XCConfigurationList section */
		4C8F76521C681D8F000A64EB /* Build configuration list for PBXProject "Phonercise" */ = {
			isa = XCConfigurationList;
			buildConfigurations = (
				4C8F76721C681D8F000A64EB /* Debug */,
				4C8F76731C681D8F000A64EB /* Release */,
			);
			defaultConfigurationIsVisible = 0;
			defaultConfigurationName = Release;
		};
		4C8F76741C681D8F000A64EB /* Build configuration list for PBXNativeTarget "Phonercise" */ = {
			isa = XCConfigurationList;
			buildConfigurations = (
				4C8F76751C681D8F000A64EB /* Debug */,
				4C8F76761C681D8F000A64EB /* Release */,
			);
			defaultConfigurationIsVisible = 0;
			defaultConfigurationName = Release;
		};
		4C8F76771C681D8F000A64EB /* Build configuration list for PBXNativeTarget "PhonerciseTests" */ = {
			isa = XCConfigurationList;
			buildConfigurations = (
				4C8F76781C681D8F000A64EB /* Debug */,
				4C8F76791C681D8F000A64EB /* Release */,
			);
			defaultConfigurationIsVisible = 0;
			defaultConfigurationName = Release;
		};
/* End XCConfigurationList section */
	};
	rootObject = 4C8F764F1C681D8F000A64EB /* Project object */;
}
